
Microsoft Visual Studio Solution File, Format Version 12.00
# Visual Studio Version 16
VisualStudioVersion = 16.0.30523.141
MinimumVisualStudioVersion = 10.0.40219.1
Project("{FAE04EC0-301F-11D3-BF4B-00C04F79EFBC}") = "3trimestre1", "3trimestre1\3trimestre1.csproj", "{1E84A6FF-7AFD-4DBE-AECB-84D4466C7BE6}"
EndProject
Global
	GlobalSection(SolutionConfigurationPlatforms) = preSolution
		Debug|Any CPU = Debug|Any CPU
		Release|Any CPU = Release|Any CPU
	EndGlobalSection
	GlobalSection(ProjectConfigurationPlatforms) = postSolution
		{1E84A6FF-7AFD-4DBE-AECB-84D4466C7BE6}.Debug|Any CPU.ActiveCfg = Debug|Any CPU
		{1E84A6FF-7AFD-4DBE-AECB-84D4466C7BE6}.Debug|Any CPU.Build.0 = Debug|Any CPU
		{1E84A6FF-7AFD-4DBE-AECB-84D4466C7BE6}.Release|Any CPU.ActiveCfg = Release|Any CPU
		{1E84A6FF-7AFD-4DBE-AECB-84D4466C7BE6}.Release|Any CPU.Build.0 = Release|Any CPU
	EndGlobalSection
	GlobalSection(SolutionProperties) = preSolution
		HideSolutionNode = FALSE
	EndGlobalSection
	GlobalSection(ExtensibilityGlobals) = postSolution
		SolutionGuid = {E1A6C63A-66D9-46D7-87B8-A27ADC2B8369}
	EndGlobalSection
EndGlobal
